Microsoft Visual Studio Solution File, Format Version 12.00
# Visual Studio 15
VisualStudioVersion = 15.0.28307.423
MinimumVisualStudioVersion = 10.0.40219.1

Project("{FAE04EC0-301F-11D3-BF4B-00C04F79EFBC}") = "EmulatorCore", "EmulatorCore\EmulatorCore.csproj", "{A1B2C3D4-E5F6-4789-ABCD-1234567890AB}"
EndProject

Project("{FAE04EC0-301F-11D3-BF4B-00C04F79EFBC}") = "ArcadeEmulators", "Emulators\Arcade\ArcadeEmulators.csproj", "{B2C3D4E5-F678-49AB-BCDE-234567890ABC}"
EndProject

Project("{FAE04EC0-301F-11D3-BF4B-00C04F79EFBC}") = "NintendoEmulators", "Emulators\Nintendo\NintendoEmulators.csproj", "{C3D4E5F6-789A-4BCD-CDEF-34567890ABCD}"
EndProject

Project("{FAE04EC0-301F-11D3-BF4B-00C04F79EFBC}") = "SegaEmulators", "Emulators\Sega\SegaEmulators.csproj", "{D4E5F678-9ABC-4DEF-ABCD-4567890ABCDE}"
EndProject

Project("{FAE04EC0-301F-11D3-BF4B-00C04F79EFBC}") = "SonyEmulators", "Emulators\Sony\SonyEmulators.csproj", "{E5F6789A-BCDE-4F01-BCDE-567890ABCDEF}"
EndProject

Project("{FAE04EC0-301F-11D3-BF4B-00C04F79EFBC}") = "MicrosoftEmulators", "Emulators\Microsoft\MicrosoftEmulators.csproj", "{F6789ABC-DEFA-4012-CDEF-67890ABCDEF0}"
EndProject

Project("{FAE04EC0-301F-11D3-BF4B-00C04F79EFBC}") = "Tools", "Tools\Tools.csproj", "{789ABCDE-F012-4321-CDEF-7890ABCDEF12}"
EndProject

Project("{2150E333-8FDC-42A3-9474-1A3956D46DE8}") = "Solution Items", "Solution Items", "{11111111-2222-3333-4444-555555555555}"
	ProjectSection(SolutionItems) = preProject
		README.md = README.md
		LICENSE = LICENSE
		CHANGELOG.md = CHANGELOG.md
	EndProjectSection
EndProject

Global
	GlobalSection(SolutionConfigurationPlatforms) = preSolution
		Debug|Any CPU = Debug|Any CPU
		Release|Any CPU = Release|Any CPU
		Testing|Any CPU = Testing|Any CPU
		Staging|Any CPU = Staging|Any CPU
	EndGlobalSection

	GlobalSection(ProjectConfigurationPlatforms) = postSolution
		{A1B2C3D4-E5F6-4789-ABCD-1234567890AB}.Debug|Any CPU.ActiveCfg = Debug|Any CPU
		{A1B2C3D4-E5F6-4789-ABCD-1234567890AB}.Debug|Any CPU.Build.0 = Debug|Any CPU
		{A1B2C3D4-E5F6-4789-ABCD-1234567890AB}.Release|Any CPU.ActiveCfg = Release|Any CPU
		{A1B2C3D4-E5F6-4789-ABCD-1234567890AB}.Release|Any CPU.Build.0 = Release|Any CPU
		{A1B2C3D4-E5F6-4789-ABCD-1234567890AB}.Testing|Any CPU.ActiveCfg = Testing|Any CPU
		{A1B2C3D4-E5F6-4789-ABCD-1234567890AB}.Testing|Any CPU.Build.0 = Testing|Any CPU
		{A1B2C3D4-E5F6-4789-ABCD-1234567890AB}.Staging|Any CPU.ActiveCfg = Staging|Any CPU
		{A1B2C3D4-E5F6-4789-ABCD-1234567890AB}.Staging|Any CPU.Build.0 = Staging|Any CPU

		{B2C3D4E5-F678-49AB-BCDE-234567890ABC}.Debug|Any CPU.ActiveCfg = Debug|Any CPU
		{B2C3D4E5-F678-49AB-BCDE-234567890ABC}.Debug|Any CPU.Build.0 = Debug|Any CPU
		{B2C3D4E5-F678-49AB-BCDE-234567890ABC}.Release|Any CPU.ActiveCfg = Release|Any CPU
		{B2C3D4E5-F678-49AB-BCDE-234567890ABC}.Release|Any CPU.Build.0 = Release|Any CPU
		{B2C3D4E5-F678-49AB-BCDE-234567890ABC}.Testing|Any CPU.ActiveCfg = Testing|Any CPU
		{B2C3D4E5-F678-49AB-BCDE-234567890ABC}.Testing|Any CPU.Build.0 = Testing|Any CPU
		{B2C3D4E5-F678-49AB-BCDE-234567890ABC}.Staging|Any CPU.ActiveCfg = Staging|Any CPU
		{B2C3D4E5-F678-49AB-BCDE-234567890ABC}.Staging|Any CPU.Build.0 = Staging|Any CPU

		{C3D4E5F6-789A-4BCD-CDEF-34567890ABCD}.Debug|Any CPU.ActiveCfg = Debug|Any CPU
		{C3D4E5F6-789A-4BCD-CDEF-34567890ABCD}.Debug|Any CPU.Build.0 = Debug|Any CPU
		{C3D4E5F6-789A-4BCD-CDEF-34567890ABCD}.Release|Any CPU.ActiveCfg = Release|Any CPU
		{C3D4E5F6-789A-4BCD-CDEF-34567890ABCD}.Release|Any CPU.Build.0 = Release|Any CPU
		{C3D4E5F6-789A-4BCD-CDEF-34567890ABCD}.Testing|Any CPU.ActiveCfg = Testing|Any CPU
		{C3D4E5F6-789A-4BCD-CDEF-34567890ABCD}.Testing|Any CPU.Build.0 = Testing|Any CPU
		{C3D4E5F6-789A-4BCD-CDEF-34567890ABCD}.Staging|Any CPU.ActiveCfg = Staging|Any CPU
		{C3D4E5F6-789A-4BCD-CDEF-34567890ABCD}.Staging|Any CPU.Build.0 = Staging|Any CPU

		{D4E5F678-9ABC-4DEF-ABCD-4567890ABCDE}.Debug|Any CPU.ActiveCfg = Debug|Any CPU
		{D4E5F678-9ABC-4DEF-ABCD-4567890ABCDE}.Debug|Any CPU.Build.0 = Debug|Any CPU
		{D4E5F678-9ABC-4DEF-ABCD-4567890ABCDE}.Release|Any CPU.ActiveCfg = Release|Any CPU
		{D4E5F678-9ABC-4DEF-ABCD-4567890ABCDE}.Release|Any CPU.Build.0 = Release|Any CPU
		{D4E5F678-9ABC-4DEF-ABCD-4567890ABCDE}.Testing|Any CPU.ActiveCfg = Testing|Any CPU
		{D4E5F678-9ABC-4DEF-ABCD-4567890ABCDE}.Testing|Any CPU.Build.0 = Testing|Any CPU
		{D4E5F678-9ABC-4DEF-ABCD-4567890ABCDE}.Staging|Any CPU.ActiveCfg = Staging|Any CPU
		{D4E5F678-9ABC-4DEF-ABCD-4567890ABCDE}.Staging|Any CPU.Build.0 = Staging|Any CPU

		{E5F6789A-BCDE-4F01-BCDE-567890ABCDEF}.Debug|Any CPU.ActiveCfg = Debug|Any CPU
		{E5F6789A-BCDE-4F01-BCDE-567890ABCDEF}.Debug|Any CPU.Build.0 = Debug|Any CPU
		{E5F6789A-BCDE-4F01-BCDE-567890ABCDEF}.Release|Any CPU.ActiveCfg = Release|Any CPU
		{E5F6789A-BCDE-4F01-BCDE-567890ABCDEF}.Release|Any CPU.Build.0 = Release|Any CPU
		{E5F6789A-BCDE-4F01-BCDE-567890ABCDEF}.Testing|Any CPU.ActiveCfg = Testing|Any CPU
		{E5F6789A-BCDE-4F01-BCDE-567890ABCDEF}.Testing|Any CPU.Build.0 = Testing|Any CPU
		{E5F6789A-BCDE-4F01-BCDE-567890ABCDEF}.Staging|Any CPU.ActiveCfg = Staging|Any CPU
		{E5F6789A-BCDE-4F01-BCDE-567890ABCDEF}.Staging|Any CPU.Build.0 = Staging|Any CPU

		{F6789ABC-DEFA-4012-CDEF-67890ABCDEF0}.Debug|Any CPU.ActiveCfg = Debug|Any CPU
		{F6789ABC-DEFA-4012-CDEF-67890ABCDEF0}.Debug|Any CPU.Build.0 = Debug|Any CPU
		{F6789ABC-DEFA-4012-CDEF-67890ABCDEF0}.Release|Any CPU.ActiveCfg = Release|Any CPU
		{F6789ABC-DEFA-4012-CDEF-67890ABCDEF0}.Release|Any CPU.Build.0 = Release|Any CPU
		{F6789ABC-DEFA-4012-CDEF-67890ABCDEF0}.Testing|Any CPU.ActiveCfg = Testing|Any CPU
		{F6789ABC-DEFA-4012-CDEF-67890ABCDEF0}.Testing|Any CPU.Build.0 = Testing|Any CPU
		{F6789ABC-DEFA-4012-CDEF-67890ABCDEF0}.Staging|Any CPU.ActiveCfg = Staging|Any CPU
		{F6789ABC-DEFA-4012-CDEF-67890ABCDEF0}.Staging|Any CPU.Build.0 = Staging|Any CPU

		{789ABCDE-F012-4321-CDEF-7890ABCDEF12}.Debug|Any CPU.ActiveCfg = Debug|Any CPU
		{789ABCDE-F012-4321-CDEF-7890ABCDEF12}.Debug|Any CPU.Build.0 = Debug|Any CPU
		{789ABCDE-F012-4321-CDEF-7890ABCDEF12}.Release|Any CPU.ActiveCfg = Release|Any CPU
		{789ABCDE-F012-4321-CDEF-7890ABCDEF12}.Release|Any CPU.Build.0 = Release|Any CPU
		{789ABCDE-F012-4321-CDEF-7890ABCDEF12}.Testing|Any CPU.ActiveCfg = Testing|Any CPU
		{789ABCDE-F012-4321-CDEF-7890ABCDEF12}.Testing|Any CPU.Build.0 = Testing|Any CPU
		{789ABCDE-F012-4321-CDEF-7890ABCDEF12}.Staging|Any CPU.ActiveCfg = Staging|Any CPU
		{789ABCDE-F012-4321-CDEF-7890ABCDEF12}.Staging|Any CPU.Build.0 = Staging|Any CPU
	EndGlobalSection

	GlobalSection(SolutionProperties) = preSolution
		HideSolutionNode = FALSE
	EndGlobalSection
EndGlobal
